<?xml version="1.0" encoding="utf-8"?>
<Project ToolsVersion="4.0" xmlns="http://schemas.microsoft.com/developer/msbuild/2003">
  <ItemGroup>
    <ClCompile Include="Branch.cpp" />
    <ClCompile Include="Capacaitor.cpp" />
    <ClCompile Include="Component.cpp" />
    <ClCompile Include="Inductor.cpp" />
    <ClCompile Include="isrc.cpp" />
    <ClCompile Include="main.cpp" />
    <ClCompile Include="Node.cpp" />
    <ClCompile Include="Resistance.cpp" />
    <ClCompile Include="vsrc.cpp" />
    <ClCompile Include="Indepentsourcr.cpp" />
    <ClCompile Include="Dependent_sources.cpp" />
    <ClCompile Include="Current_C_Current.cpp" />
    <ClCompile Include="Voltage_C_Voltage.cpp" />
  </ItemGroup>
  <ItemGroup>
    <ClInclude Include="Branch.h" />
    <ClInclude Include="Capacaitor.h" />
    <ClInclude Include="Component.h" />
    <ClInclude Include="Inductor.h" />
    <ClInclude Include="isrc.h" />
    <ClInclude Include="Node.h" />
    <ClInclude Include="Resistance.h" />
    <ClInclude Include="vsrc.h" />
    <ClInclude Include="Indepentsourcr.h" />
    <ClInclude Include="Dependent_sources.h" />
    <ClInclude Include="Current_C_Current.h" />
    <ClInclude Include="Voltage_C_Voltage.h" />
  </ItemGroup>
  <ItemGroup>
    <Text Include="circuit.txt" />
    <Text Include="netlist.txt" />
  </ItemGroup>
</Project>