
Microsoft Visual Studio Solution File, Format Version 12.00
# Visual Studio Version 16
VisualStudioVersion = 16.0.30611.23
MinimumVisualStudioVersion = 10.0.40219.1
Project("{8BC9CEB8-8B4A-11D0-8D11-00A0C91BC942}") = "Circuits", "Circuits\Circuits.vcxproj", "{D238D3E4-71F5-487A-AD9E-A8783FF0A040}"
EndProject
Global
	GlobalSection(SolutionConfigurationPlatforms) = preSolution
		Debug|x64 = Debug|x64
		Debug|x86 = Debug|x86
		Release|x64 = Release|x64
		Release|x86 = Release|x86
	EndGlobalSection
	GlobalSection(ProjectConfigurationPlatforms) = postSolution
		{D238D3E4-71F5-487A-AD9E-A8783FF0A040}.Debug|x64.ActiveCfg = Debug|x64
		{D238D3E4-71F5-487A-AD9E-A8783FF0A040}.Debug|x64.Build.0 = Debug|x64
		{D238D3E4-71F5-487A-AD9E-A8783FF0A040}.Debug|x86.ActiveCfg = Debug|Win32
		{D238D3E4-71F5-487A-AD9E-A8783FF0A040}.Debug|x86.Build.0 = Debug|Win32
		{D238D3E4-71F5-487A-AD9E-A8783FF0A040}.Release|x64.ActiveCfg = Release|x64
		{D238D3E4-71F5-487A-AD9E-A8783FF0A040}.Release|x64.Build.0 = Release|x64
		{D238D3E4-71F5-487A-AD9E-A8783FF0A040}.Release|x86.ActiveCfg = Release|Win32
		{D238D3E4-71F5-487A-AD9E-A8783FF0A040}.Release|x86.Build.0 = Release|Win32
	EndGlobalSection
	GlobalSection(SolutionProperties) = preSolution
		HideSolutionNode = FALSE
	EndGlobalSection
	GlobalSection(ExtensibilityGlobals) = postSolution
		SolutionGuid = {42970762-E898-4C78-B2C9-CBC4682378BB}
	EndGlobalSection
EndGlobal
